# This file is autogenerated, do not edit; changes may be undone by the next 'dep ensure'.


[[projects]]
  branch = "master"
  name = "github.com/tredoe/osutil"
  packages = ["."]
  revision = "7d3ee1afa71c90fd1514c8f557ae6c5f414208eb"

[solve-meta]
  analyzer-name = "dep"
  analyzer-version = 1
  inputs-digest = "f5cce9b6890d2fb14247bfc35c021658dc8de1900f3c20859fd867e36e086b79"
  solver-name = "gps-cdcl"
  solver-version = 1
